// !$*UTF8*$!
{
	archiveVersion = 1;
	classes = {
	};
	objectVersion = 50;
	objects = {

/* Begin PBXBuildFile section */
		4E031BCC2271B48200C41162 /* PlayerDisplayVCViewController.m in Sources */ = {isa = PBXBuildFile; fileRef = 4E031BC62271B48100C41162 /* PlayerDisplayVCViewController.m */; };
		4E031BCE2271B48200C41162 /* thumbnailScrollView.m in Sources */ = {isa = PBXBuildFile; fileRef = 4E031BCA2271B48200C41162 /* thumbnailScrollView.m */; };
		4E03B5802291129E001D6744 /* IMG_0413.MOV in Resources */ = {isa = PBXBuildFile; fileRef = 4E03B57F2291129E001D6744 /* IMG_0413.MOV */; };
		4E0762A82280396F008E87D8 /* sf-ui-display-medium-58646be638f96.otf in Resources */ = {isa = PBXBuildFile; fileRef = 4E0762A722803949008E87D8 /* sf-ui-display-medium-58646be638f96.otf */; };
		4E07B1D2229403E600E37F63 /* PlayerBC.m in Sources */ = {isa = PBXBuildFile; fileRef = 4E07B1D1229403E600E37F63 /* PlayerBC.m */; };
		4E1C0998227AE169009F637D /* customSegmentUX.m in Sources */ = {isa = PBXBuildFile; fileRef = 4E1C0997227AE169009F637D /* customSegmentUX.m */; };
		4E3041D522782AA90080A6B2 /* StartArrow.png in Resources */ = {isa = PBXBuildFile; fileRef = 4E3041D322782AA90080A6B2 /* StartArrow.png */; };
		4E3041D622782AA90080A6B2 /* EndArrow.png in Resources */ = {isa = PBXBuildFile; fileRef = 4E3041D422782AA90080A6B2 /* EndArrow.png */; };
		4E33491D2296A3F7006C6D76 /* trimCutSplitView.m in Sources */ = {isa = PBXBuildFile; fileRef = 4E33491A2296A3F6006C6D76 /* trimCutSplitView.m */; };
		4E33491E2296A3F7006C6D76 /* trimCutSplitView.xib in Resources */ = {isa = PBXBuildFile; fileRef = 4E33491C2296A3F7006C6D76 /* trimCutSplitView.xib */; };
		4E43F253228D1DBD0050EDB1 /* BoyHorseRide.mp4 in Resources */ = {isa = PBXBuildFile; fileRef = 4E43F252228D1DBD0050EDB1 /* BoyHorseRide.mp4 */; };
		4E7C16BE226F42F400605E18 /* imageShowViewController.m in Sources */ = {isa = PBXBuildFile; fileRef = 4E7C16BC226F42F400605E18 /* imageShowViewController.m */; };
		4E7C16BF226F42F400605E18 /* imageShowViewController.xib in Resources */ = {isa = PBXBuildFile; fileRef = 4E7C16BD226F42F400605E18 /* imageShowViewController.xib */; };
		4E7EE276226EF24F00EF8C99 /* AppDelegate.m in Sources */ = {isa = PBXBuildFile; fileRef = 4E7EE275226EF24F00EF8C99 /* AppDelegate.m */; };
		4E7EE279226EF24F00EF8C99 /* ViewController.m in Sources */ = {isa = PBXBuildFile; fileRef = 4E7EE278226EF24F00EF8C99 /* ViewController.m */; };
		4E7EE27C226EF24F00EF8C99 /* Main.storyboard in Resources */ = {isa = PBXBuildFile; fileRef = 4E7EE27A226EF24F00EF8C99 /* Main.storyboard */; };
		4E7EE27E226EF25000EF8C99 /* Assets.xcassets in Resources */ = {isa = PBXBuildFile; fileRef = 4E7EE27D226EF25000EF8C99 /* Assets.xcassets */; };
		4E7EE281226EF25000EF8C99 /* LaunchScreen.storyboard in Resources */ = {isa = PBXBuildFile; fileRef = 4E7EE27F226EF25000EF8C99 /* LaunchScreen.storyboard */; };
		4E7EE284226EF25000EF8C99 /* main.m in Sources */ = {isa = PBXBuildFile; fileRef = 4E7EE283226EF25000EF8C99 /* main.m */; };
		4E7EE28E226EF25000EF8C99 /* CustomCameraTests.m in Sources */ = {isa = PBXBuildFile; fileRef = 4E7EE28D226EF25000EF8C99 /* CustomCameraTests.m */; };
		4E7EE299226EF25000EF8C99 /* CustomCameraUITests.m in Sources */ = {isa = PBXBuildFile; fileRef = 4E7EE298226EF25000EF8C99 /* CustomCameraUITests.m */; };
		4E7EE2A8226EF68B00EF8C99 /* AssetsLibrary.framework in Frameworks */ = {isa = PBXBuildFile; fileRef = 4E7EE2A7226EF68B00EF8C99 /* AssetsLibrary.framework */; };
		4E7EE2AA226EFE3000EF8C99 /* Photos.framework in Frameworks */ = {isa = PBXBuildFile; fileRef = 4E7EE2A9226EFE3000EF8C99 /* Photos.framework */; };
		4E7EE2AC226EFE3D00EF8C99 /* PhotosUI.framework in Frameworks */ = {isa = PBXBuildFile; fileRef = 4E7EE2AB226EFE3D00EF8C99 /* PhotosUI.framework */; };
		4E7EE2AF226F0A0000EF8C99 /* PhotoCell.m in Sources */ = {isa = PBXBuildFile; fileRef = 4E7EE2AE226F0A0000EF8C99 /* PhotoCell.m */; };
		4E91E7F3229A53650093420D /* CropView.m in Sources */ = {isa = PBXBuildFile; fileRef = 4E91E7F0229A53640093420D /* CropView.m */; };
		4E91E7F4229A53650093420D /* CropView.xib in Resources */ = {isa = PBXBuildFile; fileRef = 4E91E7F2229A53640093420D /* CropView.xib */; };
		4E91E7F8229A7FD70093420D /* canvasView.m in Sources */ = {isa = PBXBuildFile; fileRef = 4E91E7F6229A7FD70093420D /* canvasView.m */; };
		4E91E7F9229A7FD70093420D /* canvasView.xib in Resources */ = {isa = PBXBuildFile; fileRef = 4E91E7F7229A7FD70093420D /* canvasView.xib */; };
/* End PBXBuildFile section */

/* Begin PBXContainerItemProxy section */
		4E7EE28A226EF25000EF8C99 /* PBXContainerItemProxy */ = {
			isa = PBXContainerItemProxy;
			containerPortal = 4E7EE269226EF24F00EF8C99 /* Project object */;
			proxyType = 1;
			remoteGlobalIDString = 4E7EE270226EF24F00EF8C99;
			remoteInfo = CustomCamera;
		};
		4E7EE295226EF25000EF8C99 /* PBXContainerItemProxy */ = {
			isa = PBXContainerItemProxy;
			containerPortal = 4E7EE269226EF24F00EF8C99 /* Project object */;
			proxyType = 1;
			remoteGlobalIDString = 4E7EE270226EF24F00EF8C99;
			remoteInfo = CustomCamera;
		};
/* End PBXContainerItemProxy section */

/* Begin PBXFileReference section */
		4E031BC62271B48100C41162 /* PlayerDisplayVCViewController.m */ = {isa = PBXFileReference; fileEncoding = 4; lastKnownFileType = sourcecode.c.objc; path = PlayerDisplayVCViewController.m; sourceTree = "<group>"; wrapsLines = 0; };
		4E031BC72271B48100C41162 /* PlayerDisplayVCViewController.h */ = {isa = PBXFileReference; fileEncoding = 4; lastKnownFileType = sourcecode.c.h; path = PlayerDisplayVCViewController.h; sourceTree = "<group>"; };
		4E031BC82271B48100C41162 /* thumbnailScrollView.h */ = {isa = PBXFileReference; fileEncoding = 4; lastKnownFileType = sourcecode.c.h; path = thumbnailScrollView.h; sourceTree = "<group>"; };
		4E031BCA2271B48200C41162 /* thumbnailScrollView.m */ = {isa = PBXFileReference; fileEncoding = 4; lastKnownFileType = sourcecode.c.objc; path = thumbnailScrollView.m; sourceTree = "<group>"; };
		4E031BCB2271B48200C41162 /* PlayerBC.h */ = {isa = PBXFileReference; fileEncoding = 4; lastKnownFileType = sourcecode.c.h; path = PlayerBC.h; sourceTree = "<group>"; };
		4E03B57F2291129E001D6744 /* IMG_0413.MOV */ = {isa = PBXFileReference; lastKnownFileType = video.quicktime; path = IMG_0413.MOV; sourceTree = "<group>"; };
		4E0762A722803949008E87D8 /* sf-ui-display-medium-58646be638f96.otf */ = {isa = PBXFileReference; lastKnownFileType = file; path = "sf-ui-display-medium-58646be638f96.otf"; sourceTree = "<group>"; };
		4E07B1D1229403E600E37F63 /* PlayerBC.m */ = {isa = PBXFileReference; fileEncoding = 4; lastKnownFileType = sourcecode.c.objc; path = PlayerBC.m; sourceTree = "<group>"; };
		4E1C0996227AE169009F637D /* customSegmentUX.h */ = {isa = PBXFileReference; lastKnownFileType = sourcecode.c.h; path = customSegmentUX.h; sourceTree = "<group>"; };
		4E1C0997227AE169009F637D /* customSegmentUX.m */ = {isa = PBXFileReference; lastKnownFileType = sourcecode.c.objc; path = customSegmentUX.m; sourceTree = "<group>"; };
		4E3041D322782AA90080A6B2 /* StartArrow.png */ = {isa = PBXFileReference; lastKnownFileType = image.png; path = StartArrow.png; sourceTree = "<group>"; };
		4E3041D422782AA90080A6B2 /* EndArrow.png */ = {isa = PBXFileReference; lastKnownFileType = image.png; path = EndArrow.png; sourceTree = "<group>"; };
		4E33491A2296A3F6006C6D76 /* trimCutSplitView.m */ = {isa = PBXFileReference; fileEncoding = 4; lastKnownFileType = sourcecode.c.objc; path = trimCutSplitView.m; sourceTree = "<group>"; };
		4E33491B2296A3F6006C6D76 /* trimCutSplitView.h */ = {isa = PBXFileReference; fileEncoding = 4; lastKnownFileType = sourcecode.c.h; path = trimCutSplitView.h; sourceTree = "<group>"; };
		4E33491C2296A3F7006C6D76 /* trimCutSplitView.xib */ = {isa = PBXFileReference; fileEncoding = 4; lastKnownFileType = file.xib; path = trimCutSplitView.xib; sourceTree = "<group>"; };
		4E43F252228D1DBD0050EDB1 /* BoyHorseRide.mp4 */ = {isa = PBXFileReference; lastKnownFileType = file; path = BoyHorseRide.mp4; sourceTree = "<group>"; };
		4E7C16BB226F42F400605E18 /* imageShowViewController.h */ = {isa = PBXFileReference; lastKnownFileType = sourcecode.c.h; path = imageShowViewController.h; sourceTree = "<group>"; };
		4E7C16BC226F42F400605E18 /* imageShowViewController.m */ = {isa = PBXFileReference; lastKnownFileType = sourcecode.c.objc; path = imageShowViewController.m; sourceTree = "<group>"; };
		4E7C16BD226F42F400605E18 /* imageShowViewController.xib */ = {isa = PBXFileReference; lastKnownFileType = file.xib; path = imageShowViewController.xib; sourceTree = "<group>"; };
		4E7EE271226EF24F00EF8C99 /* CustomCamera.app */ = {isa = PBXFileReference; explicitFileType = wrapper.application; includeInIndex = 0; path = CustomCamera.app; sourceTree = BUILT_PRODUCTS_DIR; };
		4E7EE274226EF24F00EF8C99 /* AppDelegate.h */ = {isa = PBXFileReference; lastKnownFileType = sourcecode.c.h; path = AppDelegate.h; sourceTree = "<group>"; };
		4E7EE275226EF24F00EF8C99 /* AppDelegate.m */ = {isa = PBXFileReference; lastKnownFileType = sourcecode.c.objc; path = AppDelegate.m; sourceTree = "<group>"; };
		4E7EE277226EF24F00EF8C99 /* ViewController.h */ = {isa = PBXFileReference; lastKnownFileType = sourcecode.c.h; path = ViewController.h; sourceTree = "<group>"; };
		4E7EE278226EF24F00EF8C99 /* ViewController.m */ = {isa = PBXFileReference; lastKnownFileType = sourcecode.c.objc; path = ViewController.m; sourceTree = "<group>"; };
		4E7EE27B226EF24F00EF8C99 /* Base */ = {isa = PBXFileReference; lastKnownFileType = file.storyboard; name = Base; path = Base.lproj/Main.storyboard; sourceTree = "<group>"; };
		4E7EE27D226EF25000EF8C99 /* Assets.xcassets */ = {isa = PBXFileReference; lastKnownFileType = folder.assetcatalog; path = Assets.xcassets; sourceTree = "<group>"; };
		4E7EE280226EF25000EF8C99 /* Base */ = {isa = PBXFileReference; lastKnownFileType = file.storyboard; name = Base; path = Base.lproj/LaunchScreen.storyboard; sourceTree = "<group>"; };
		4E7EE282226EF25000EF8C99 /* Info.plist */ = {isa = PBXFileReference; lastKnownFileType = text.plist.xml; path = Info.plist; sourceTree = "<group>"; };
		4E7EE283226EF25000EF8C99 /* main.m */ = {isa = PBXFileReference; lastKnownFileType = sourcecode.c.objc; path = main.m; sourceTree = "<group>"; };
		4E7EE289226EF25000EF8C99 /* CustomCameraTests.xctest */ = {isa = PBXFileReference; explicitFileType = wrapper.cfbundle; includeInIndex = 0; path = CustomCameraTests.xctest; sourceTree = BUILT_PRODUCTS_DIR; };
		4E7EE28D226EF25000EF8C99 /* CustomCameraTests.m */ = {isa = PBXFileReference; lastKnownFileType = sourcecode.c.objc; path = CustomCameraTests.m; sourceTree = "<group>"; };
		4E7EE28F226EF25000EF8C99 /* Info.plist */ = {isa = PBXFileReference; lastKnownFileType = text.plist.xml; path = Info.plist; sourceTree = "<group>"; };
		4E7EE294226EF25000EF8C99 /* CustomCameraUITests.xctest */ = {isa = PBXFileReference; explicitFileType = wrapper.cfbundle; includeInIndex = 0; path = CustomCameraUITests.xctest; sourceTree = BUILT_PRODUCTS_DIR; };
		4E7EE298226EF25000EF8C99 /* CustomCameraUITests.m */ = {isa = PBXFileReference; lastKnownFileType = sourcecode.c.objc; path = CustomCameraUITests.m; sourceTree = "<group>"; };
		4E7EE29A226EF25000EF8C99 /* Info.plist */ = {isa = PBXFileReference; lastKnownFileType = text.plist.xml; path = Info.plist; sourceTree = "<group>"; };
		4E7EE2A7226EF68B00EF8C99 /* AssetsLibrary.framework */ = {isa = PBXFileReference; lastKnownFileType = wrapper.framework; name = AssetsLibrary.framework; path = System/Library/Frameworks/AssetsLibrary.framework; sourceTree = SDKROOT; };
		4E7EE2A9226EFE3000EF8C99 /* Photos.framework */ = {isa = PBXFileReference; lastKnownFileType = wrapper.framework; name = Photos.framework; path = System/Library/Frameworks/Photos.framework; sourceTree = SDKROOT; };
		4E7EE2AB226EFE3D00EF8C99 /* PhotosUI.framework */ = {isa = PBXFileReference; lastKnownFileType = wrapper.framework; name = PhotosUI.framework; path = System/Library/Frameworks/PhotosUI.framework; sourceTree = SDKROOT; };
		4E7EE2AD226F0A0000EF8C99 /* PhotoCell.h */ = {isa = PBXFileReference; lastKnownFileType = sourcecode.c.h; path = PhotoCell.h; sourceTree = "<group>"; };
		4E7EE2AE226F0A0000EF8C99 /* PhotoCell.m */ = {isa = PBXFileReference; lastKnownFileType = sourcecode.c.objc; path = PhotoCell.m; sourceTree = "<group>"; };
		4E91E7F0229A53640093420D /* CropView.m */ = {isa = PBXFileReference; fileEncoding = 4; lastKnownFileType = sourcecode.c.objc; path = CropView.m; sourceTree = "<group>"; };
		4E91E7F1229A53640093420D /* CropView.h */ = {isa = PBXFileReference; fileEncoding = 4; lastKnownFileType = sourcecode.c.h; path = CropView.h; sourceTree = "<group>"; };
		4E91E7F2229A53640093420D /* CropView.xib */ = {isa = PBXFileReference; fileEncoding = 4; lastKnownFileType = file.xib; path = CropView.xib; sourceTree = "<group>"; };
		4E91E7F5229A7FD70093420D /* canvasView.h */ = {isa = PBXFileReference; lastKnownFileType = sourcecode.c.h; path = canvasView.h; sourceTree = "<group>"; };
		4E91E7F6229A7FD70093420D /* canvasView.m */ = {isa = PBXFileReference; lastKnownFileType = sourcecode.c.objc; path = canvasView.m; sourceTree = "<group>"; };
		4E91E7F7229A7FD70093420D /* canvasView.xib */ = {isa = PBXFileReference; lastKnownFileType = file.xib; path = canvasView.xib; sourceTree = "<group>"; };
		4E97124222703F0B00816F91 /* Config.pch */ = {isa = PBXFileReference; fileEncoding = 4; lastKnownFileType = sourcecode.c.h; path = Config.pch; sourceTree = "<group>"; };
/* End PBXFileReference section */

/* Begin PBXFrameworksBuildPhase section */
		4E7EE26E226EF24F00EF8C99 /* Frameworks */ = {
			isa = PBXFrameworksBuildPhase;
			buildActionMask = 2147483647;
			files = (
				4E7EE2AC226EFE3D00EF8C99 /* PhotosUI.framework in Frameworks */,
				4E7EE2AA226EFE3000EF8C99 /* Photos.framework in Frameworks */,
				4E7EE2A8226EF68B00EF8C99 /* AssetsLibrary.framework in Frameworks */,
			);
			runOnlyForDeploymentPostprocessing = 0;
		};
		4E7EE286226EF25000EF8C99 /* Frameworks */ = {
			isa = PBXFrameworksBuildPhase;
			buildActionMask = 2147483647;
			files = (
			);
			runOnlyForDeploymentPostprocessing = 0;
		};
		4E7EE291226EF25000EF8C99 /* Frameworks */ = {
			isa = PBXFrameworksBuildPhase;
			buildActionMask = 2147483647;
			files = (
			);
			runOnlyForDeploymentPostprocessing = 0;
		};
/* End PBXFrameworksBuildPhase section */

/* Begin PBXGroup section */
		4E7EE268226EF24F00EF8C99 = {
			isa = PBXGroup;
			children = (
				4E7EE273226EF24F00EF8C99 /* CustomCamera */,
				4E7EE28C226EF25000EF8C99 /* CustomCameraTests */,
				4E7EE297226EF25000EF8C99 /* CustomCameraUITests */,
				4E7EE272226EF24F00EF8C99 /* Products */,
				4E7EE2A6226EF68B00EF8C99 /* Frameworks */,
			);
			sourceTree = "<group>";
		};
		4E7EE272226EF24F00EF8C99 /* Products */ = {
			isa = PBXGroup;
			children = (
				4E7EE271226EF24F00EF8C99 /* CustomCamera.app */,
				4E7EE289226EF25000EF8C99 /* CustomCameraTests.xctest */,
				4E7EE294226EF25000EF8C99 /* CustomCameraUITests.xctest */,
			);
			name = Products;
			sourceTree = "<group>";
		};
		4E7EE273226EF24F00EF8C99 /* CustomCamera */ = {
			isa = PBXGroup;
			children = (
				4E7EE274226EF24F00EF8C99 /* AppDelegate.h */,
				4E7EE275226EF24F00EF8C99 /* AppDelegate.m */,
				4E7EE277226EF24F00EF8C99 /* ViewController.h */,
				4E7EE278226EF24F00EF8C99 /* ViewController.m */,
				4E7EE2AD226F0A0000EF8C99 /* PhotoCell.h */,
				4E33491B2296A3F6006C6D76 /* trimCutSplitView.h */,
				4E91E7F5229A7FD70093420D /* canvasView.h */,
				4E91E7F6229A7FD70093420D /* canvasView.m */,
				4E91E7F7229A7FD70093420D /* canvasView.xib */,
				4E33491A2296A3F6006C6D76 /* trimCutSplitView.m */,
				4E33491C2296A3F7006C6D76 /* trimCutSplitView.xib */,
				4E7EE2AE226F0A0000EF8C99 /* PhotoCell.m */,
				4E43F252228D1DBD0050EDB1 /* BoyHorseRide.mp4 */,
				4E7EE27A226EF24F00EF8C99 /* Main.storyboard */,
				4E1C0996227AE169009F637D /* customSegmentUX.h */,
				4E03B57F2291129E001D6744 /* IMG_0413.MOV */,
				4E1C0997227AE169009F637D /* customSegmentUX.m */,
				4E7EE27D226EF25000EF8C99 /* Assets.xcassets */,
				4E3041D322782AA90080A6B2 /* StartArrow.png */,
				4E3041D422782AA90080A6B2 /* EndArrow.png */,
				4E7EE27F226EF25000EF8C99 /* LaunchScreen.storyboard */,
				4E7EE282226EF25000EF8C99 /* Info.plist */,
				4E97124222703F0B00816F91 /* Config.pch */,
				4E7EE283226EF25000EF8C99 /* main.m */,
				4E7C16BB226F42F400605E18 /* imageShowViewController.h */,
				4E91E7F1229A53640093420D /* CropView.h */,
				4E91E7F0229A53640093420D /* CropView.m */,
				4E91E7F2229A53640093420D /* CropView.xib */,
				4E7C16BC226F42F400605E18 /* imageShowViewController.m */,
				4E7C16BD226F42F400605E18 /* imageShowViewController.xib */,
				4E07B1D1229403E600E37F63 /* PlayerBC.m */,
				4E031BCB2271B48200C41162 /* PlayerBC.h */,
				4E0762A722803949008E87D8 /* sf-ui-display-medium-58646be638f96.otf */,
				4E031BC72271B48100C41162 /* PlayerDisplayVCViewController.h */,
				4E031BC62271B48100C41162 /* PlayerDisplayVCViewController.m */,
				4E031BC82271B48100C41162 /* thumbnailScrollView.h */,
				4E031BCA2271B48200C41162 /* thumbnailScrollView.m */,
			);
			path = CustomCamera;
			sourceTree = "<group>";
		};
		4E7EE28C226EF25000EF8C99 /* CustomCameraTests */ = {
			isa = PBXGroup;
			children = (
				4E7EE28D226EF25000EF8C99 /* CustomCameraTests.m */,
				4E7EE28F226EF25000EF8C99 /* Info.plist */,
			);
			path = CustomCameraTests;
			sourceTree = "<group>";
		};
		4E7EE297226EF25000EF8C99 /* CustomCameraUITests */ = {
			isa = PBXGroup;
			children = (
				4E7EE298226EF25000EF8C99 /* CustomCameraUITests.m */,
				4E7EE29A226EF25000EF8C99 /* Info.plist */,
			);
			path = CustomCameraUITests;
			sourceTree = "<group>";
		};
		4E7EE2A6226EF68B00EF8C99 /* Frameworks */ = {
			isa = PBXGroup;
			children = (
				4E7EE2AB226EFE3D00EF8C99 /* PhotosUI.framework */,
				4E7EE2A9226EFE3000EF8C99 /* Photos.framework */,
				4E7EE2A7226EF68B00EF8C99 /* AssetsLibrary.framework */,
			);
			name = Frameworks;
			sourceTree = "<group>";
		};
/* End PBXGroup section */

/* Begin PBXNativeTarget section */
		4E7EE270226EF24F00EF8C99 /* CustomCamera */ = {
			isa = PBXNativeTarget;
			buildConfigurationList = 4E7EE29D226EF25000EF8C99 /* Build configuration list for PBXNativeTarget "CustomCamera" */;
			buildPhases = (
				4E7EE26D226EF24F00EF8C99 /* Sources */,
				4E7EE26E226EF24F00EF8C99 /* Frameworks */,
				4E7EE26F226EF24F00EF8C99 /* Resources */,
			);
			buildRules = (
			);
			dependencies = (
			);
			name = CustomCamera;
			productName = CustomCamera;
			productReference = 4E7EE271226EF24F00EF8C99 /* CustomCamera.app */;
			productType = "com.apple.product-type.application";
		};
		4E7EE288226EF25000EF8C99 /* CustomCameraTests */ = {
			isa = PBXNativeTarget;
			buildConfigurationList = 4E7EE2A0226EF25000EF8C99 /* Build configuration list for PBXNativeTarget "CustomCameraTests" */;
			buildPhases = (
				4E7EE285226EF25000EF8C99 /* Sources */,
				4E7EE286226EF25000EF8C99 /* Frameworks */,
				4E7EE287226EF25000EF8C99 /* Resources */,
			);
			buildRules = (
			);
			dependencies = (
				4E7EE28B226EF25000EF8C99 /* PBXTargetDependency */,
			);
			name = CustomCameraTests;
			productName = CustomCameraTests;
			productReference = 4E7EE289226EF25000EF8C99 /* CustomCameraTests.xctest */;
			productType = "com.apple.product-type.bundle.unit-test";
		};
		4E7EE293226EF25000EF8C99 /* CustomCameraUITests */ = {
			isa = PBXNativeTarget;
			buildConfigurationList = 4E7EE2A3226EF25000EF8C99 /* Build configuration list for PBXNativeTarget "CustomCameraUITests" */;
			buildPhases = (
				4E7EE290226EF25000EF8C99 /* Sources */,
				4E7EE291226EF25000EF8C99 /* Frameworks */,
				4E7EE292226EF25000EF8C99 /* Resources */,
			);
			buildRules = (
			);
			dependencies = (
				4E7EE296226EF25000EF8C99 /* PBXTargetDependency */,
			);
			name = CustomCameraUITests;
			productName = CustomCameraUITests;
			productReference = 4E7EE294226EF25000EF8C99 /* CustomCameraUITests.xctest */;
			productType = "com.apple.product-type.bundle.ui-testing";
		};
/* End PBXNativeTarget section */

/* Begin PBXProject section */
		4E7EE269226EF24F00EF8C99 /* Project object */ = {
			isa = PBXProject;
			attributes = {
				LastUpgradeCheck = 1010;
				ORGANIZATIONNAME = "Tawhid Joarder";
				TargetAttributes = {
					4E7EE270226EF24F00EF8C99 = {
						CreatedOnToolsVersion = 10.1;
					};
					4E7EE288226EF25000EF8C99 = {
						CreatedOnToolsVersion = 10.1;
						TestTargetID = 4E7EE270226EF24F00EF8C99;
					};
					4E7EE293226EF25000EF8C99 = {
						CreatedOnToolsVersion = 10.1;
						TestTargetID = 4E7EE270226EF24F00EF8C99;
					};
				};
			};
			buildConfigurationList = 4E7EE26C226EF24F00EF8C99 /* Build configuration list for PBXProject "CustomCamera" */;
			compatibilityVersion = "Xcode 9.3";
			developmentRegion = en;
			hasScannedForEncodings = 0;
			knownRegions = (
				en,
				Base,
			);
			mainGroup = 4E7EE268226EF24F00EF8C99;
			productRefGroup = 4E7EE272226EF24F00EF8C99 /* Products */;
			projectDirPath = "";
			projectRoot = "";
			targets = (
				4E7EE270226EF24F00EF8C99 /* CustomCamera */,
				4E7EE288226EF25000EF8C99 /* CustomCameraTests */,
				4E7EE293226EF25000EF8C99 /* CustomCameraUITests */,
			);
		};
/* End PBXProject section */

/* Begin PBXResourcesBuildPhase section */
		4E7EE26F226EF24F00EF8C99 /* Resources */ = {
			isa = PBXResourcesBuildPhase;
			buildActionMask = 2147483647;
			files = (
				4E0762A82280396F008E87D8 /* sf-ui-display-medium-58646be638f96.otf in Resources */,
				4E3041D522782AA90080A6B2 /* StartArrow.png in Resources */,
				4E7EE281226EF25000EF8C99 /* LaunchScreen.storyboard in Resources */,
				4E7EE27E226EF25000EF8C99 /* Assets.xcassets in Resources */,
				4E33491E2296A3F7006C6D76 /* trimCutSplitView.xib in Resources */,
				4E3041D622782AA90080A6B2 /* EndArrow.png in Resources */,
				4E7EE27C226EF24F00EF8C99 /* Main.storyboard in Resources */,
				4E43F253228D1DBD0050EDB1 /* BoyHorseRide.mp4 in Resources */,
				4E91E7F4229A53650093420D /* CropView.xib in Resources */,
				4E7C16BF226F42F400605E18 /* imageShowViewController.xib in Resources */,
				4E91E7F9229A7FD70093420D /* canvasView.xib in Resources */,
				4E03B5802291129E001D6744 /* IMG_0413.MOV in Resources */,
			);
			runOnlyForDeploymentPostprocessing = 0;
		};
		4E7EE287226EF25000EF8C99 /* Resources */ = {
			isa = PBXResourcesBuildPhase;
			buildActionMask = 2147483647;
			files = (
			);
			runOnlyForDeploymentPostprocessing = 0;
		};
		4E7EE292226EF25000EF8C99 /* Resources */ = {
			isa = PBXResourcesBuildPhase;
			buildActionMask = 2147483647;
			files = (
			);
			runOnlyForDeploymentPostprocessing = 0;
		};
/* End PBXResourcesBuildPhase section */

/* Begin PBXSourcesBuildPhase section */
		4E7EE26D226EF24F00EF8C99 /* Sources */ = {
			isa = PBXSourcesBuildPhase;
			buildActionMask = 2147483647;
			files = (
				4E33491D2296A3F7006C6D76 /* trimCutSplitView.m in Sources */,
				4E7EE2AF226F0A0000EF8C99 /* PhotoCell.m in Sources */,
				4E7EE279226EF24F00EF8C99 /* ViewController.m in Sources */,
				4E7EE284226EF25000EF8C99 /* main.m in Sources */,
				4E91E7F3229A53650093420D /* CropView.m in Sources */,
				4E07B1D2229403E600E37F63 /* PlayerBC.m in Sources */,
				4E91E7F8229A7FD70093420D /* canvasView.m in Sources */,
				4E7C16BE226F42F400605E18 /* imageShowViewController.m in Sources */,
				4E7EE276226EF24F00EF8C99 /* AppDelegate.m in Sources */,
				4E031BCE2271B48200C41162 /* thumbnailScrollView.m in Sources */,
				4E1C0998227AE169009F637D /* customSegmentUX.m in Sources */,
				4E031BCC2271B48200C41162 /* PlayerDisplayVCViewController.m in Sources */,
			);
			runOnlyForDeploymentPostprocessing = 0;
		};
		4E7EE285226EF25000EF8C99 /* Sources */ = {
			isa = PBXSourcesBuildPhase;
			buildActionMask = 2147483647;
			files = (
				4E7EE28E226EF25000EF8C99 /* CustomCameraTests.m in Sources */,
			);
			runOnlyForDeploymentPostprocessing = 0;
		};
		4E7EE290226EF25000EF8C99 /* Sources */ = {
			isa = PBXSourcesBuildPhase;
			buildActionMask = 2147483647;
			files = (
				4E7EE299226EF25000EF8C99 /* CustomCameraUITests.m in Sources */,
			);
			runOnlyForDeploymentPostprocessing = 0;
		};
/* End PBXSourcesBuildPhase section */

/* Begin PBXTargetDependency section */
		4E7EE28B226EF25000EF8C99 /* PBXTargetDependency */ = {
			isa = PBXTargetDependency;
			target = 4E7EE270226EF24F00EF8C99 /* CustomCamera */;
			targetProxy = 4E7EE28A226EF25000EF8C99 /* PBXContainerItemProxy */;
		};
		4E7EE296226EF25000EF8C99 /* PBXTargetDependency */ = {
			isa = PBXTargetDependency;
			target = 4E7EE270226EF24F00EF8C99 /* CustomCamera */;
			targetProxy = 4E7EE295226EF25000EF8C99 /* PBXContainerItemProxy */;
		};
/* End PBXTargetDependency section */

/* Begin PBXVariantGroup section */
		4E7EE27A226EF24F00EF8C99 /* Main.storyboard */ = {
			isa = PBXVariantGroup;
			children = (
				4E7EE27B226EF24F00EF8C99 /* Base */,
			);
			name = Main.storyboard;
			sourceTree = "<group>";
		};
		4E7EE27F226EF25000EF8C99 /* LaunchScreen.storyboard */ = {
			isa = PBXVariantGroup;
			children = (
				4E7EE280226EF25000EF8C99 /* Base */,
			);
			name = LaunchScreen.storyboard;
			sourceTree = "<group>";
		};
/* End PBXVariantGroup section */

/* Begin XCBuildConfiguration section */
		4E7EE29B226EF25000EF8C99 /* Debug */ = {
			isa = XCBuildConfiguration;
			buildSettings = {
				ALWAYS_SEARCH_USER_PATHS = NO;
				CLANG_ANALYZER_NONNULL = YES;
				CLANG_ANALYZER_NUMBER_OBJECT_CONVERSION = YES_AGGRESSIVE;
				CLANG_CXX_LANGUAGE_STANDARD = "gnu++14";
				CLANG_CXX_LIBRARY = "libc++";
				CLANG_ENABLE_MODULES = YES;
				CLANG_ENABLE_OBJC_ARC = YES;
				CLANG_ENABLE_OBJC_WEAK = YES;
				CLANG_WARN_BLOCK_CAPTURE_AUTORELEASING = YES;
				CLANG_WARN_BOOL_CONVERSION = YES;
				CLANG_WARN_COMMA = YES;
				CLANG_WARN_CONSTANT_CONVERSION = YES;
				CLANG_WARN_DEPRECATED_OBJC_IMPLEMENTATIONS = YES;
				CLANG_WARN_DIRECT_OBJC_ISA_USAGE = YES_ERROR;
				CLANG_WARN_DOCUMENTATION_COMMENTS = YES;
				CLANG_WARN_EMPTY_BODY = YES;
				CLANG_WARN_ENUM_CONVERSION = YES;
				CLANG_WARN_INFINITE_RECURSION = YES;
				CLANG_WARN_INT_CONVERSION = YES;
				CLANG_WARN_NON_LITERAL_NULL_CONVERSION = YES;
				CLANG_WARN_OBJC_IMPLICIT_RETAIN_SELF = YES;
				CLANG_WARN_OBJC_LITERAL_CONVERSION = YES;
				CLANG_WARN_OBJC_ROOT_CLASS = YES_ERROR;
				CLANG_WARN_RANGE_LOOP_ANALYSIS = YES;
				CLANG_WARN_STRICT_PROTOTYPES = YES;
				CLANG_WARN_SUSPICIOUS_MOVE = YES;
				CLANG_WARN_UNGUARDED_AVAILABILITY = YES_AGGRESSIVE;
				CLANG_WARN_UNREACHABLE_CODE = YES;
				CLANG_WARN__DUPLICATE_METHOD_MATCH = YES;
				CODE_SIGN_IDENTITY = "iPhone Developer";
				COPY_PHASE_STRIP = NO;
				DEBUG_INFORMATION_FORMAT = dwarf;
				ENABLE_STRICT_OBJC_MSGSEND = YES;
				ENABLE_TESTABILITY = YES;
				GCC_C_LANGUAGE_STANDARD = gnu11;
				GCC_DYNAMIC_NO_PIC = NO;
				GCC_NO_COMMON_BLOCKS = YES;
				GCC_OPTIMIZATION_LEVEL = 0;
				GCC_PREPROCESSOR_DEFINITIONS = (
					"DEBUG=1",
					"$(inherited)",
				);
				GCC_WARN_64_TO_32_BIT_CONVERSION = YES;
				GCC_WARN_ABOUT_RETURN_TYPE = YES_ERROR;
				GCC_WARN_UNDECLARED_SELECTOR = YES;
				GCC_WARN_UNINITIALIZED_AUTOS = YES_AGGRESSIVE;
				GCC_WARN_UNUSED_FUNCTION = YES;
				GCC_WARN_UNUSED_VARIABLE = YES;
				IPHONEOS_DEPLOYMENT_TARGET = 12.1;
				MTL_ENABLE_DEBUG_INFO = INCLUDE_SOURCE;
				MTL_FAST_MATH = YES;
				ONLY_ACTIVE_ARCH = YES;
				SDKROOT = iphoneos;
			};
			name = Debug;
		};
		4E7EE29C226EF25000EF8C99 /* Release */ = {
			isa = XCBuildConfiguration;
			buildSettings = {
				ALWAYS_SEARCH_USER_PATHS = NO;
				CLANG_ANALYZER_NONNULL = YES;
				CLANG_ANALYZER_NUMBER_OBJECT_CONVERSION = YES_AGGRESSIVE;
				CLANG_CXX_LANGUAGE_STANDARD = "gnu++14";
				CLANG_CXX_LIBRARY = "libc++";
				CLANG_ENABLE_MODULES = YES;
				CLANG_ENABLE_OBJC_ARC = YES;
				CLANG_ENABLE_OBJC_WEAK = YES;
				CLANG_WARN_BLOCK_CAPTURE_AUTORELEASING = YES;
				CLANG_WARN_BOOL_CONVERSION = YES;
				CLANG_WARN_COMMA = YES;
				CLANG_WARN_CONSTANT_CONVERSION = YES;
				CLANG_WARN_DEPRECATED_OBJC_IMPLEMENTATIONS = YES;
				CLANG_WARN_DIRECT_OBJC_ISA_USAGE = YES_ERROR;
				CLANG_WARN_DOCUMENTATION_COMMENTS = YES;
				CLANG_WARN_EMPTY_BODY = YES;
				CLANG_WARN_ENUM_CONVERSION = YES;
				CLANG_WARN_INFINITE_RECURSION = YES;
				CLANG_WARN_INT_CONVERSION = YES;
				CLANG_WARN_NON_LITERAL_NULL_CONVERSION = YES;
				CLANG_WARN_OBJC_IMPLICIT_RETAIN_SELF = YES;
				CLANG_WARN_OBJC_LITERAL_CONVERSION = YES;
				CLANG_WARN_OBJC_ROOT_CLASS = YES_ERROR;
				CLANG_WARN_RANGE_LOOP_ANALYSIS = YES;
				CLANG_WARN_STRICT_PROTOTYPES = YES;
				CLANG_WARN_SUSPICIOUS_MOVE = YES;
				CLANG_WARN_UNGUARDED_AVAILABILITY = YES_AGGRESSIVE;
				CLANG_WARN_UNREACHABLE_CODE = YES;
				CLANG_WARN__DUPLICATE_METHOD_MATCH = YES;
				CODE_SIGN_IDENTITY = "iPhone Developer";
				COPY_PHASE_STRIP = NO;
				DEBUG_INFORMATION_FORMAT = "dwarf-with-dsym";
				ENABLE_NS_ASSERTIONS = NO;
				ENABLE_STRICT_OBJC_MSGSEND = YES;
				GCC_C_LANGUAGE_STANDARD = gnu11;
				GCC_NO_COMMON_BLOCKS = YES;
				GCC_WARN_64_TO_32_BIT_CONVERSION = YES;
				GCC_WARN_ABOUT_RETURN_TYPE = YES_ERROR;
				GCC_WARN_UNDECLARED_SELECTOR = YES;
				GCC_WARN_UNINITIALIZED_AUTOS = YES_AGGRESSIVE;
				GCC_WARN_UNUSED_FUNCTION = YES;
				GCC_WARN_UNUSED_VARIABLE = YES;
				IPHONEOS_DEPLOYMENT_TARGET = 12.1;
				MTL_ENABLE_DEBUG_INFO = NO;
				MTL_FAST_MATH = YES;
				SDKROOT = iphoneos;
				VALIDATE_PRODUCT = YES;
			};
			name = Release;
		};
		4E7EE29E226EF25000EF8C99 /* Debug */ = {
			isa = XCBuildConfiguration;
			buildSettings = {
				ASSETCATALOG_COMPILER_APPICON_NAME = AppIcon;
				CODE_SIGN_STYLE = Automatic;
				DEVELOPMENT_TEAM = QA5HCG2XW6;
				INFOPLIST_FILE = CustomCamera/Info.plist;
				IPHONEOS_DEPLOYMENT_TARGET = 9.0;
				LD_RUNPATH_SEARCH_PATHS = (
					"$(inherited)",
					"@executable_path/Frameworks",
				);
				PRODUCT_BUNDLE_IDENTIFIER = com.debotosh.CustomCamera;
				PRODUCT_NAME = "$(TARGET_NAME)";
				TARGETED_DEVICE_FAMILY = "1,2";
			};
			name = Debug;
		};
		4E7EE29F226EF25000EF8C99 /* Release */ = {
			isa = XCBuildConfiguration;
			buildSettings = {
				ASSETCATALOG_COMPILER_APPICON_NAME = AppIcon;
				CODE_SIGN_STYLE = Automatic;
				DEVELOPMENT_TEAM = QA5HCG2XW6;
				INFOPLIST_FILE = CustomCamera/Info.plist;
				IPHONEOS_DEPLOYMENT_TARGET = 9.0;
				LD_RUNPATH_SEARCH_PATHS = (
					"$(inherited)",
					"@executable_path/Frameworks",
				);
				PRODUCT_BUNDLE_IDENTIFIER = com.debotosh.CustomCamera;
				PRODUCT_NAME = "$(TARGET_NAME)";
				TARGETED_DEVICE_FAMILY = "1,2";
			};
			name = Release;
		};
		4E7EE2A1226EF25000EF8C99 /* Debug */ = {
			isa = XCBuildConfiguration;
			buildSettings = {
				BUNDLE_LOADER = "$(TEST_HOST)";
				CODE_SIGN_STYLE = Automatic;
				DEVELOPMENT_TEAM = QA5HCG2XW6;
				INFOPLIST_FILE = CustomCameraTests/Info.plist;
				LD_RUNPATH_SEARCH_PATHS = (
					"$(inherited)",
					"@executable_path/Frameworks",
					"@loader_path/Frameworks",
				);
				PRODUCT_BUNDLE_IDENTIFIER = com.debotosh.CustomCameraTests;
				PRODUCT_NAME = "$(TARGET_NAME)";
				TARGETED_DEVICE_FAMILY = "1,2";
				TEST_HOST = "$(BUILT_PRODUCTS_DIR)/CustomCamera.app/CustomCamera";
			};
			name = Debug;
		};
		4E7EE2A2226EF25000EF8C99 /* Release */ = {
			isa = XCBuildConfiguration;
			buildSettings = {
				BUNDLE_LOADER = "$(TEST_HOST)";
				CODE_SIGN_STYLE = Automatic;
				DEVELOPMENT_TEAM = QA5HCG2XW6;
				INFOPLIST_FILE = CustomCameraTests/Info.plist;
				LD_RUNPATH_SEARCH_PATHS = (
					"$(inherited)",
					"@executable_path/Frameworks",
					"@loader_path/Frameworks",
				);
				PRODUCT_BUNDLE_IDENTIFIER = com.debotosh.CustomCameraTests;
				PRODUCT_NAME = "$(TARGET_NAME)";
				TARGETED_DEVICE_FAMILY = "1,2";
				TEST_HOST = "$(BUILT_PRODUCTS_DIR)/CustomCamera.app/CustomCamera";
			};
			name = Release;
		};
		4E7EE2A4226EF25000EF8C99 /* Debug */ = {
			isa = XCBuildConfiguration;
			buildSettings = {
				CODE_SIGN_STYLE = Automatic;
				DEVELOPMENT_TEAM = QA5HCG2XW6;
				INFOPLIST_FILE = CustomCameraUITests/Info.plist;
				LD_RUNPATH_SEARCH_PATHS = (
					"$(inherited)",
					"@executable_path/Frameworks",
					"@loader_path/Frameworks",
				);
				PRODUCT_BUNDLE_IDENTIFIER = com.debotosh.CustomCameraUITests;
				PRODUCT_NAME = "$(TARGET_NAME)";
				TARGETED_DEVICE_FAMILY = "1,2";
				TEST_TARGET_NAME = CustomCamera;
			};
			name = Debug;
		};
		4E7EE2A5226EF25000EF8C99 /* Release */ = {
			isa = XCBuildConfiguration;
			buildSettings = {
				CODE_SIGN_STYLE = Automatic;
				DEVELOPMENT_TEAM = QA5HCG2XW6;
				INFOPLIST_FILE = CustomCameraUITests/Info.plist;
				LD_RUNPATH_SEARCH_PATHS = (
					"$(inherited)",
					"@executable_path/Frameworks",
					"@loader_path/Frameworks",
				);
				PRODUCT_BUNDLE_IDENTIFIER = com.debotosh.CustomCameraUITests;
				PRODUCT_NAME = "$(TARGET_NAME)";
				TARGETED_DEVICE_FAMILY = "1,2";
				TEST_TARGET_NAME = CustomCamera;
			};
			name = Release;
		};
/* End XCBuildConfiguration section */

/* Begin XCConfigurationList section */
		4E7EE26C226EF24F00EF8C99 /* Build configuration list for PBXProject "CustomCamera" */ = {
			isa = XCConfigurationList;
			buildConfigurations = (
				4E7EE29B226EF25000EF8C99 /* Debug */,
				4E7EE29C226EF25000EF8C99 /* Release */,
			);
			defaultConfigurationIsVisible = 0;
			defaultConfigurationName = Release;
		};
		4E7EE29D226EF25000EF8C99 /* Build configuration list for PBXNativeTarget "CustomCamera" */ = {
			isa = XCConfigurationList;
			buildConfigurations = (
				4E7EE29E226EF25000EF8C99 /* Debug */,
				4E7EE29F226EF25000EF8C99 /* Release */,
			);
			defaultConfigurationIsVisible = 0;
			defaultConfigurationName = Release;
		};
		4E7EE2A0226EF25000EF8C99 /* Build configuration list for PBXNativeTarget "CustomCameraTests" */ = {
			isa = XCConfigurationList;
			buildConfigurations = (
				4E7EE2A1226EF25000EF8C99 /* Debug */,
				4E7EE2A2226EF25000EF8C99 /* Release */,
			);
			defaultConfigurationIsVisible = 0;
			defaultConfigurationName = Release;
		};
		4E7EE2A3226EF25000EF8C99 /* Build configuration list for PBXNativeTarget "CustomCameraUITests" */ = {
			isa = XCConfigurationList;
			buildConfigurations = (
				4E7EE2A4226EF25000EF8C99 /* Debug */,
				4E7EE2A5226EF25000EF8C99 /* Release */,
			);
			defaultConfigurationIsVisible = 0;
			defaultConfigurationName = Release;
		};
/* End XCConfigurationList section */
	};
	rootObject = 4E7EE269226EF24F00EF8C99 /* Project object */;
}
